
Microsoft Visual Studio Solution File, Format Version 12.00
# Visual Studio 15
VisualStudioVersion = 15.0.28307.271
MinimumVisualStudioVersion = 10.0.40219.1
Project("{FAE04EC0-301F-11D3-BF4B-00C04F79EFBC}") = "MRCryptocompareClient", "MRCryptocompareClient\MRCryptocompareClient.csproj", "{72B5A623-4B1C-4F6B-AE6C-515753F23076}"
EndProject
Project("{FAE04EC0-301F-11D3-BF4B-00C04F79EFBC}") = "Tests", "Tests\Tests.csproj", "{07BE93C2-A144-4987-972C-5D7F0C8AEACB}"
EndProject
Global
	GlobalSection(SolutionConfigurationPlatforms) = preSolution
		Debug|Any CPU = Debug|Any CPU
		Release|Any CPU = Release|Any CPU
	EndGlobalSection
	GlobalSection(ProjectConfigurationPlatforms) = postSolution
		{72B5A623-4B1C-4F6B-AE6C-515753F23076}.Debug|Any CPU.ActiveCfg = Debug|Any CPU
		{72B5A623-4B1C-4F6B-AE6C-515753F23076}.Debug|Any CPU.Build.0 = Debug|Any CPU
		{72B5A623-4B1C-4F6B-AE6C-515753F23076}.Release|Any CPU.ActiveCfg = Release|Any CPU
		{72B5A623-4B1C-4F6B-AE6C-515753F23076}.Release|Any CPU.Build.0 = Release|Any CPU
		{07BE93C2-A144-4987-972C-5D7F0C8AEACB}.Debug|Any CPU.ActiveCfg = Debug|Any CPU
		{07BE93C2-A144-4987-972C-5D7F0C8AEACB}.Debug|Any CPU.Build.0 = Debug|Any CPU
		{07BE93C2-A144-4987-972C-5D7F0C8AEACB}.Release|Any CPU.ActiveCfg = Release|Any CPU
		{07BE93C2-A144-4987-972C-5D7F0C8AEACB}.Release|Any CPU.Build.0 = Release|Any CPU
	EndGlobalSection
	GlobalSection(SolutionProperties) = preSolution
		HideSolutionNode = FALSE
	EndGlobalSection
	GlobalSection(ExtensibilityGlobals) = postSolution
		SolutionGuid = {28ED0D0F-D4F8-419E-9A32-C7B2B00A8558}
	EndGlobalSection
EndGlobal
